
Microsoft Visual Studio Solution File, Format Version 12.00
# Visual Studio Version 16
VisualStudioVersion = 16.0.28803.156
MinimumVisualStudioVersion = 10.0.40219.1
Project("{FAE04EC0-301F-11D3-BF4B-00C04F79EFBC}") = "proyectoTest", "proyectoTest\proyectoTest.csproj", "{895C515C-D0D3-42B4-B202-136A37FD1A1F}"
EndProject
Global
	GlobalSection(SolutionConfigurationPlatforms) = preSolution
		Debug|Any CPU = Debug|Any CPU
		Release|Any CPU = Release|Any CPU
	EndGlobalSection
	GlobalSection(ProjectConfigurationPlatforms) = postSolution
		{895C515C-D0D3-42B4-B202-136A37FD1A1F}.Debug|Any CPU.ActiveCfg = Debug|Any CPU
		{895C515C-D0D3-42B4-B202-136A37FD1A1F}.Debug|Any CPU.Build.0 = Debug|Any CPU
		{895C515C-D0D3-42B4-B202-136A37FD1A1F}.Release|Any CPU.ActiveCfg = Release|Any CPU
		{895C515C-D0D3-42B4-B202-136A37FD1A1F}.Release|Any CPU.Build.0 = Release|Any CPU
	EndGlobalSection
	GlobalSection(SolutionProperties) = preSolution
		HideSolutionNode = FALSE
	EndGlobalSection
	GlobalSection(ExtensibilityGlobals) = postSolution
		SolutionGuid = {2EB704CA-4F0B-4A24-8875-D8126AE8F104}
	EndGlobalSection
EndGlobal
